// !$*UTF8*$!
{
	archiveVersion = 1;
	classes = {
	};
	objectVersion = 46;
	objects = {

/* Begin PBXBuildFile section */
		495B26FC1B46E28C0016271A /* AppDelegate.swift in Sources */ = {isa = PBXBuildFile; fileRef = 495B26FB1B46E28C0016271A /* AppDelegate.swift */; };
		495B26FE1B46E28C0016271A /* MatchViewController.swift in Sources */ = {isa = PBXBuildFile; fileRef = 495B26FD1B46E28C0016271A /* MatchViewController.swift */; };
		495B27011B46E28C0016271A /* Main.storyboard in Resources */ = {isa = PBXBuildFile; fileRef = 495B26FF1B46E28C0016271A /* Main.storyboard */; };
		495B27031B46E28C0016271A /* Images.xcassets in Resources */ = {isa = PBXBuildFile; fileRef = 495B27021B46E28C0016271A /* Images.xcassets */; };
		495B27061B46E28C0016271A /* LaunchScreen.xib in Resources */ = {isa = PBXBuildFile; fileRef = 495B27041B46E28C0016271A /* LaunchScreen.xib */; };
		495B27121B46E28C0016271A /* RockPaperScissorsTests.swift in Sources */ = {isa = PBXBuildFile; fileRef = 495B27111B46E28C0016271A /* RockPaperScissorsTests.swift */; };
		495B271C1B46E49E0016271A /* MatchDecider.swift in Sources */ = {isa = PBXBuildFile; fileRef = 495B271B1B46E49E0016271A /* MatchDecider.swift */; };
		495B271E1B4771DA0016271A /* ResultsViewController.swift in Sources */ = {isa = PBXBuildFile; fileRef = 495B271D1B4771DA0016271A /* ResultsViewController.swift */; };
		495B27201B477AEF0016271A /* ResultsModel.swift in Sources */ = {isa = PBXBuildFile; fileRef = 495B271F1B477AEF0016271A /* ResultsModel.swift */; };
/* End PBXBuildFile section */

/* Begin PBXContainerItemProxy section */
		495B270C1B46E28C0016271A /* PBXContainerItemProxy */ = {
			isa = PBXContainerItemProxy;
			containerPortal = 495B26EE1B46E28C0016271A /* Project object */;
			proxyType = 1;
			remoteGlobalIDString = 495B26F51B46E28C0016271A;
			remoteInfo = RockPaperScissors;
		};
/* End PBXContainerItemProxy section */

/* Begin PBXFileReference section */
		495B26F61B46E28C0016271A /* RockPaperScissors.app */ = {isa = PBXFileReference; explicitFileType = wrapper.application; includeInIndex = 0; path = RockPaperScissors.app; sourceTree = BUILT_PRODUCTS_DIR; };
		495B26FA1B46E28C0016271A /* Info.plist */ = {isa = PBXFileReference; lastKnownFileType = text.plist.xml; path = Info.plist; sourceTree = "<group>"; };
		495B26FB1B46E28C0016271A /* AppDelegate.swift */ = {isa = PBXFileReference; lastKnownFileType = sourcecode.swift; path = AppDelegate.swift; sourceTree = "<group>"; };
		495B26FD1B46E28C0016271A /* MatchViewController.swift */ = {isa = PBXFileReference; lastKnownFileType = sourcecode.swift; path = MatchViewController.swift; sourceTree = "<group>"; };
		495B27001B46E28C0016271A /* Base */ = {isa = PBXFileReference; lastKnownFileType = file.storyboard; name = Base; path = Base.lproj/Main.storyboard; sourceTree = "<group>"; };
		495B27021B46E28C0016271A /* Images.xcassets */ = {isa = PBXFileReference; lastKnownFileType = folder.assetcatalog; path = Images.xcassets; sourceTree = "<group>"; };
		495B27051B46E28C0016271A /* Base */ = {isa = PBXFileReference; lastKnownFileType = file.xib; name = Base; path = Base.lproj/LaunchScreen.xib; sourceTree = "<group>"; };
		495B270B1B46E28C0016271A /* RockPaperScissorsTests.xctest */ = {isa = PBXFileReference; explicitFileType = wrapper.cfbundle; includeInIndex = 0; path = RockPaperScissorsTests.xctest; sourceTree = BUILT_PRODUCTS_DIR; };
		495B27101B46E28C0016271A /* Info.plist */ = {isa = PBXFileReference; lastKnownFileType = text.plist.xml; path = Info.plist; sourceTree = "<group>"; };
		495B27111B46E28C0016271A /* RockPaperScissorsTests.swift */ = {isa = PBXFileReference; lastKnownFileType = sourcecode.swift; path = RockPaperScissorsTests.swift; sourceTree = "<group>"; };
		495B271B1B46E49E0016271A /* MatchDecider.swift */ = {isa = PBXFileReference; fileEncoding = 4; lastKnownFileType = sourcecode.swift; path = MatchDecider.swift; sourceTree = "<group>"; };
		495B271D1B4771DA0016271A /* ResultsViewController.swift */ = {isa = PBXFileReference; fileEncoding = 4; lastKnownFileType = sourcecode.swift; path = ResultsViewController.swift; sourceTree = "<group>"; };
		495B271F1B477AEF0016271A /* ResultsModel.swift */ = {isa = PBXFileReference; fileEncoding = 4; lastKnownFileType = sourcecode.swift; path = ResultsModel.swift; sourceTree = "<group>"; };
/* End PBXFileReference section */

/* Begin PBXFrameworksBuildPhase section */
		495B26F31B46E28C0016271A /* Frameworks */ = {
			isa = PBXFrameworksBuildPhase;
			buildActionMask = 2147483647;
			files = (
			);
			runOnlyForDeploymentPostprocessing = 0;
		};
		495B27081B46E28C0016271A /* Frameworks */ = {
			isa = PBXFrameworksBuildPhase;
			buildActionMask = 2147483647;
			files = (
			);
			runOnlyForDeploymentPostprocessing = 0;
		};
/* End PBXFrameworksBuildPhase section */

/* Begin PBXGroup section */
		495B26ED1B46E28C0016271A = {
			isa = PBXGroup;
			children = (
				495B26F81B46E28C0016271A /* RockPaperScissors */,
				495B270E1B46E28C0016271A /* RockPaperScissorsTests */,
				495B26F71B46E28C0016271A /* Products */,
			);
			sourceTree = "<group>";
		};
		495B26F71B46E28C0016271A /* Products */ = {
			isa = PBXGroup;
			children = (
				495B26F61B46E28C0016271A /* RockPaperScissors.app */,
				495B270B1B46E28C0016271A /* RockPaperScissorsTests.xctest */,
			);
			name = Products;
			sourceTree = "<group>";
		};
		495B26F81B46E28C0016271A /* RockPaperScissors */ = {
			isa = PBXGroup;
			children = (
				495B26FB1B46E28C0016271A /* AppDelegate.swift */,
				495B26FD1B46E28C0016271A /* MatchViewController.swift */,
				495B26FF1B46E28C0016271A /* Main.storyboard */,
				495B27021B46E28C0016271A /* Images.xcassets */,
				495B27041B46E28C0016271A /* LaunchScreen.xib */,
				495B26F91B46E28C0016271A /* Supporting Files */,
				495B271B1B46E49E0016271A /* MatchDecider.swift */,
				495B271D1B4771DA0016271A /* ResultsViewController.swift */,
				495B271F1B477AEF0016271A /* ResultsModel.swift */,
			);
			path = RockPaperScissors;
			sourceTree = "<group>";
		};
		495B26F91B46E28C0016271A /* Supporting Files */ = {
			isa = PBXGroup;
			children = (
				495B26FA1B46E28C0016271A /* Info.plist */,
			);
			name = "Supporting Files";
			sourceTree = "<group>";
		};
		495B270E1B46E28C0016271A /* RockPaperScissorsTests */ = {
			isa = PBXGroup;
			children = (
				495B27111B46E28C0016271A /* RockPaperScissorsTests.swift */,
				495B270F1B46E28C0016271A /* Supporting Files */,
			);
			path = RockPaperScissorsTests;
			sourceTree = "<group>";
		};
		495B270F1B46E28C0016271A /* Supporting Files */ = {
			isa = PBXGroup;
			children = (
				495B27101B46E28C0016271A /* Info.plist */,
			);
			name = "Supporting Files";
			sourceTree = "<group>";
		};
/* End PBXGroup section */

/* Begin PBXNativeTarget section */
		495B26F51B46E28C0016271A /* RockPaperScissors */ = {
			isa = PBXNativeTarget;
			buildConfigurationList = 495B27151B46E28C0016271A /* Build configuration list for PBXNativeTarget "RockPaperScissors" */;
			buildPhases = (
				495B26F21B46E28C0016271A /* Sources */,
				495B26F31B46E28C0016271A /* Frameworks */,
				495B26F41B46E28C0016271A /* Resources */,
			);
			buildRules = (
			);
			dependencies = (
			);
			name = RockPaperScissors;
			productName = RockPaperScissors;
			productReference = 495B26F61B46E28C0016271A /* RockPaperScissors.app */;
			productType = "com.apple.product-type.application";
		};
		495B270A1B46E28C0016271A /* RockPaperScissorsTests */ = {
			isa = PBXNativeTarget;
			buildConfigurationList = 495B27181B46E28C0016271A /* Build configuration list for PBXNativeTarget "RockPaperScissorsTests" */;
			buildPhases = (
				495B27071B46E28C0016271A /* Sources */,
				495B27081B46E28C0016271A /* Frameworks */,
				495B27091B46E28C0016271A /* Resources */,
			);
			buildRules = (
			);
			dependencies = (
				495B270D1B46E28C0016271A /* PBXTargetDependency */,
			);
			name = RockPaperScissorsTests;
			productName = RockPaperScissorsTests;
			productReference = 495B270B1B46E28C0016271A /* RockPaperScissorsTests.xctest */;
			productType = "com.apple.product-type.bundle.unit-test";
		};
/* End PBXNativeTarget section */

/* Begin PBXProject section */
		495B26EE1B46E28C0016271A /* Project object */ = {
			isa = PBXProject;
			attributes = {
				LastUpgradeCheck = 0630;
				ORGANIZATIONNAME = "Alex Pendleton";
				TargetAttributes = {
					495B26F51B46E28C0016271A = {
						CreatedOnToolsVersion = 6.3.2;
					};
					495B270A1B46E28C0016271A = {
						CreatedOnToolsVersion = 6.3.2;
						TestTargetID = 495B26F51B46E28C0016271A;
					};
				};
			};
			buildConfigurationList = 495B26F11B46E28C0016271A /* Build configuration list for PBXProject "RockPaperScissors" */;
			compatibilityVersion = "Xcode 3.2";
			developmentRegion = English;
			hasScannedForEncodings = 0;
			knownRegions = (
				en,
				Base,
			);
			mainGroup = 495B26ED1B46E28C0016271A;
			productRefGroup = 495B26F71B46E28C0016271A /* Products */;
			projectDirPath = "";
			projectRoot = "";
			targets = (
				495B26F51B46E28C0016271A /* RockPaperScissors */,
				495B270A1B46E28C0016271A /* RockPaperScissorsTests */,
			);
		};
/* End PBXProject section */

/* Begin PBXResourcesBuildPhase section */
		495B26F41B46E28C0016271A /* Resources */ = {
			isa = PBXResourcesBuildPhase;
			buildActionMask = 2147483647;
			files = (
				495B27011B46E28C0016271A /* Main.storyboard in Resources */,
				495B27061B46E28C0016271A /* LaunchScreen.xib in Resources */,
				495B27031B46E28C0016271A /* Images.xcassets in Resources */,
			);
			runOnlyForDeploymentPostprocessing = 0;
		};
		495B27091B46E28C0016271A /* Resources */ = {
			isa = PBXResourcesBuildPhase;
			buildActionMask = 2147483647;
			files = (
			);
			runOnlyForDeploymentPostprocessing = 0;
		};
/* End PBXResourcesBuildPhase section */

/* Begin PBXSourcesBuildPhase section */
		495B26F21B46E28C0016271A /* Sources */ = {
			isa = PBXSourcesBuildPhase;
			buildActionMask = 2147483647;
			files = (
				495B26FE1B46E28C0016271A /* MatchViewController.swift in Sources */,
				495B26FC1B46E28C0016271A /* AppDelegate.swift in Sources */,
				495B271C1B46E49E0016271A /* MatchDecider.swift in Sources */,
				495B271E1B4771DA0016271A /* ResultsViewController.swift in Sources */,
				495B27201B477AEF0016271A /* ResultsModel.swift in Sources */,
			);
			runOnlyForDeploymentPostprocessing = 0;
		};
		495B27071B46E28C0016271A /* Sources */ = {
			isa = PBXSourcesBuildPhase;
			buildActionMask = 2147483647;
			files = (
				495B27121B46E28C0016271A /* RockPaperScissorsTests.swift in Sources */,
			);
			runOnlyForDeploymentPostprocessing = 0;
		};
/* End PBXSourcesBuildPhase section */

/* Begin PBXTargetDependency section */
		495B270D1B46E28C0016271A /* PBXTargetDependency */ = {
			isa = PBXTargetDependency;
			target = 495B26F51B46E28C0016271A /* RockPaperScissors */;
			targetProxy = 495B270C1B46E28C0016271A /* PBXContainerItemProxy */;
		};
/* End PBXTargetDependency section */

/* Begin PBXVariantGroup section */
		495B26FF1B46E28C0016271A /* Main.storyboard */ = {
			isa = PBXVariantGroup;
			children = (
				495B27001B46E28C0016271A /* Base */,
			);
			name = Main.storyboard;
			sourceTree = "<group>";
		};
		495B27041B46E28C0016271A /* LaunchScreen.xib */ = {
			isa = PBXVariantGroup;
			children = (
				495B27051B46E28C0016271A /* Base */,
			);
			name = LaunchScreen.xib;
			sourceTree = "<group>";
		};
/* End PBXVariantGroup section */

/* Begin XCBuildConfiguration section */
		495B27131B46E28C0016271A /* Debug */ = {
			isa = XCBuildConfiguration;
			buildSettings = {
				ALWAYS_SEARCH_USER_PATHS = NO;
				CLANG_CXX_LANGUAGE_STANDARD = "gnu++0x";
				CLANG_CXX_LIBRARY = "libc++";
				CLANG_ENABLE_MODULES = YES;
				CLANG_ENABLE_OBJC_ARC = YES;
				CLANG_WARN_BOOL_CONVERSION = YES;
				CLANG_WARN_CONSTANT_CONVERSION = YES;
				CLANG_WARN_DIRECT_OBJC_ISA_USAGE = YES_ERROR;
				CLANG_WARN_EMPTY_BODY = YES;
				CLANG_WARN_ENUM_CONVERSION = YES;
				CLANG_WARN_INT_CONVERSION = YES;
				CLANG_WARN_OBJC_ROOT_CLASS = YES_ERROR;
				CLANG_WARN_UNREACHABLE_CODE = YES;
				CLANG_WARN__DUPLICATE_METHOD_MATCH = YES;
				"CODE_SIGN_IDENTITY[sdk=iphoneos*]" = "iPhone Developer";
				COPY_PHASE_STRIP = NO;
				DEBUG_INFORMATION_FORMAT = "dwarf-with-dsym";
				ENABLE_STRICT_OBJC_MSGSEND = YES;
				GCC_C_LANGUAGE_STANDARD = gnu99;
				GCC_DYNAMIC_NO_PIC = NO;
				GCC_NO_COMMON_BLOCKS = YES;
				GCC_OPTIMIZATION_LEVEL = 0;
				GCC_PREPROCESSOR_DEFINITIONS = (
					"DEBUG=1",
					"$(inherited)",
				);
				GCC_SYMBOLS_PRIVATE_EXTERN = NO;
				GCC_WARN_64_TO_32_BIT_CONVERSION = YES;
				GCC_WARN_ABOUT_RETURN_TYPE = YES_ERROR;
				GCC_WARN_UNDECLARED_SELECTOR = YES;
				GCC_WARN_UNINITIALIZED_AUTOS = YES_AGGRESSIVE;
				GCC_WARN_UNUSED_FUNCTION = YES;
				GCC_WARN_UNUSED_VARIABLE = YES;
				IPHONEOS_DEPLOYMENT_TARGET = 8.3;
				MTL_ENABLE_DEBUG_INFO = YES;
				ONLY_ACTIVE_ARCH = YES;
				SDKROOT = iphoneos;
				SWIFT_OPTIMIZATION_LEVEL = "-Onone";
				TARGETED_DEVICE_FAMILY = "1,2";
			};
			name = Debug;
		};
		495B27141B46E28C0016271A /* Release */ = {
			isa = XCBuildConfiguration;
			buildSettings = {
				ALWAYS_SEARCH_USER_PATHS = NO;
				CLANG_CXX_LANGUAGE_STANDARD = "gnu++0x";
				CLANG_CXX_LIBRARY = "libc++";
				CLANG_ENABLE_MODULES = YES;
				CLANG_ENABLE_OBJC_ARC = YES;
				CLANG_WARN_BOOL_CONVERSION = YES;
				CLANG_WARN_CONSTANT_CONVERSION = YES;
				CLANG_WARN_DIRECT_OBJC_ISA_USAGE = YES_ERROR;
				CLANG_WARN_EMPTY_BODY = YES;
				CLANG_WARN_ENUM_CONVERSION = YES;
				CLANG_WARN_INT_CONVERSION = YES;
				CLANG_WARN_OBJC_ROOT_CLASS = YES_ERROR;
				CLANG_WARN_UNREACHABLE_CODE = YES;
				CLANG_WARN__DUPLICATE_METHOD_MATCH = YES;
				"CODE_SIGN_IDENTITY[sdk=iphoneos*]" = "iPhone Developer";
				COPY_PHASE_STRIP = NO;
				DEBUG_INFORMATION_FORMAT = "dwarf-with-dsym";
				ENABLE_NS_ASSERTIONS = NO;
				ENABLE_STRICT_OBJC_MSGSEND = YES;
				GCC_C_LANGUAGE_STANDARD = gnu99;
				GCC_NO_COMMON_BLOCKS = YES;
				GCC_WARN_64_TO_32_BIT_CONVERSION = YES;
				GCC_WARN_ABOUT_RETURN_TYPE = YES_ERROR;
				GCC_WARN_UNDECLARED_SELECTOR = YES;
				GCC_WARN_UNINITIALIZED_AUTOS = YES_AGGRESSIVE;
				GCC_WARN_UNUSED_FUNCTION = YES;
				GCC_WARN_UNUSED_VARIABLE = YES;
				IPHONEOS_DEPLOYMENT_TARGET = 8.3;
				MTL_ENABLE_DEBUG_INFO = NO;
				SDKROOT = iphoneos;
				TARGETED_DEVICE_FAMILY = "1,2";
				VALIDATE_PRODUCT = YES;
			};
			name = Release;
		};
		495B27161B46E28C0016271A /* Debug */ = {
			isa = XCBuildConfiguration;
			buildSettings = {
				ASSETCATALOG_COMPILER_APPICON_NAME = AppIcon;
				INFOPLIST_FILE = RockPaperScissors/Info.plist;
				LD_RUNPATH_SEARCH_PATHS = "$(inherited) @executable_path/Frameworks";
				PRODUCT_NAME = "$(TARGET_NAME)";
			};
			name = Debug;
		};
		495B27171B46E28C0016271A /* Release */ = {
			isa = XCBuildConfiguration;
			buildSettings = {
				ASSETCATALOG_COMPILER_APPICON_NAME = AppIcon;
				INFOPLIST_FILE = RockPaperScissors/Info.plist;
				LD_RUNPATH_SEARCH_PATHS = "$(inherited) @executable_path/Frameworks";
				PRODUCT_NAME = "$(TARGET_NAME)";
			};
			name = Release;
		};
		495B27191B46E28C0016271A /* Debug */ = {
			isa = XCBuildConfiguration;
			buildSettings = {
				BUNDLE_LOADER = "$(TEST_HOST)";
				FRAMEWORK_SEARCH_PATHS = (
					"$(SDKROOT)/Developer/Library/Frameworks",
					"$(inherited)",
				);
				GCC_PREPROCESSOR_DEFINITIONS = (
					"DEBUG=1",
					"$(inherited)",
				);
				INFOPLIST_FILE = RockPaperScissorsTests/Info.plist;
				LD_RUNPATH_SEARCH_PATHS = "$(inherited) @executable_path/Frameworks @loader_path/Frameworks";
				PRODUCT_NAME = "$(TARGET_NAME)";
				TEST_HOST = "$(BUILT_PRODUCTS_DIR)/RockPaperScissors.app/RockPaperScissors";
			};
			name = Debug;
		};
		495B271A1B46E28C0016271A /* Release */ = {
			isa = XCBuildConfiguration;
			buildSettings = {
				BUNDLE_LOADER = "$(TEST_HOST)";
				FRAMEWORK_SEARCH_PATHS = (
					"$(SDKROOT)/Developer/Library/Frameworks",
					"$(inherited)",
				);
				INFOPLIST_FILE = RockPaperScissorsTests/Info.plist;
				LD_RUNPATH_SEARCH_PATHS = "$(inherited) @executable_path/Frameworks @loader_path/Frameworks";
				PRODUCT_NAME = "$(TARGET_NAME)";
				TEST_HOST = "$(BUILT_PRODUCTS_DIR)/RockPaperScissors.app/RockPaperScissors";
			};
			name = Release;
		};
/* End XCBuildConfiguration section */

/* Begin XCConfigurationList section */
		495B26F11B46E28C0016271A /* Build configuration list for PBXProject "RockPaperScissors" */ = {
			isa = XCConfigurationList;
			buildConfigurations = (
				495B27131B46E28C0016271A /* Debug */,
				495B27141B46E28C0016271A /* Release */,
			);
			defaultConfigurationIsVisible = 0;
			defaultConfigurationName = Release;
		};
		495B27151B46E28C0016271A /* Build configuration list for PBXNativeTarget "RockPaperScissors" */ = {
			isa = XCConfigurationList;
			buildConfigurations = (
				495B27161B46E28C0016271A /* Debug */,
				495B27171B46E28C0016271A /* Release */,
			);
			defaultConfigurationIsVisible = 0;
			defaultConfigurationName = Release;
		};
		495B27181B46E28C0016271A /* Build configuration list for PBXNativeTarget "RockPaperScissorsTests" */ = {
			isa = XCConfigurationList;
			buildConfigurations = (
				495B27191B46E28C0016271A /* Debug */,
				495B271A1B46E28C0016271A /* Release */,
			);
			defaultConfigurationIsVisible = 0;
			defaultConfigurationName = Release;
		};
/* End XCConfigurationList section */
	};
	rootObject = 495B26EE1B46E28C0016271A /* Project object */;
}
