// !$*UTF8*$!
{
	archiveVersion = 1;
	classes = {
	};
	objectVersion = 46;
	objects = {

/* Begin PBXBuildFile section */
		495B26CE1B462A540016271A /* AppDelegate.swift in Sources */ = {isa = PBXBuildFile; fileRef = 495B26CD1B462A540016271A /* AppDelegate.swift */; };
		495B26D01B462A540016271A /* ViewController.swift in Sources */ = {isa = PBXBuildFile; fileRef = 495B26CF1B462A540016271A /* ViewController.swift */; };
		495B26D31B462A540016271A /* Main.storyboard in Resources */ = {isa = PBXBuildFile; fileRef = 495B26D11B462A540016271A /* Main.storyboard */; };
		495B26D51B462A540016271A /* Images.xcassets in Resources */ = {isa = PBXBuildFile; fileRef = 495B26D41B462A540016271A /* Images.xcassets */; };
		495B26D81B462A540016271A /* LaunchScreen.xib in Resources */ = {isa = PBXBuildFile; fileRef = 495B26D61B462A540016271A /* LaunchScreen.xib */; };
		495B26E41B462A540016271A /* ExistingVCPresenterTests.swift in Sources */ = {isa = PBXBuildFile; fileRef = 495B26E31B462A540016271A /* ExistingVCPresenterTests.swift */; };
/* End PBXBuildFile section */

/* Begin PBXContainerItemProxy section */
		495B26DE1B462A540016271A /* PBXContainerItemProxy */ = {
			isa = PBXContainerItemProxy;
			containerPortal = 495B26C01B462A540016271A /* Project object */;
			proxyType = 1;
			remoteGlobalIDString = 495B26C71B462A540016271A;
			remoteInfo = ExistingVCPresenter;
		};
/* End PBXContainerItemProxy section */

/* Begin PBXFileReference section */
		495B26C81B462A540016271A /* ExistingVCPresenter.app */ = {isa = PBXFileReference; explicitFileType = wrapper.application; includeInIndex = 0; path = ExistingVCPresenter.app; sourceTree = BUILT_PRODUCTS_DIR; };
		495B26CC1B462A540016271A /* Info.plist */ = {isa = PBXFileReference; lastKnownFileType = text.plist.xml; path = Info.plist; sourceTree = "<group>"; };
		495B26CD1B462A540016271A /* AppDelegate.swift */ = {isa = PBXFileReference; lastKnownFileType = sourcecode.swift; path = AppDelegate.swift; sourceTree = "<group>"; };
		495B26CF1B462A540016271A /* ViewController.swift */ = {isa = PBXFileReference; lastKnownFileType = sourcecode.swift; path = ViewController.swift; sourceTree = "<group>"; };
		495B26D21B462A540016271A /* Base */ = {isa = PBXFileReference; lastKnownFileType = file.storyboard; name = Base; path = Base.lproj/Main.storyboard; sourceTree = "<group>"; };
		495B26D41B462A540016271A /* Images.xcassets */ = {isa = PBXFileReference; lastKnownFileType = folder.assetcatalog; path = Images.xcassets; sourceTree = "<group>"; };
		495B26D71B462A540016271A /* Base */ = {isa = PBXFileReference; lastKnownFileType = file.xib; name = Base; path = Base.lproj/LaunchScreen.xib; sourceTree = "<group>"; };
		495B26DD1B462A540016271A /* ExistingVCPresenterTests.xctest */ = {isa = PBXFileReference; explicitFileType = wrapper.cfbundle; includeInIndex = 0; path = ExistingVCPresenterTests.xctest; sourceTree = BUILT_PRODUCTS_DIR; };
		495B26E21B462A540016271A /* Info.plist */ = {isa = PBXFileReference; lastKnownFileType = text.plist.xml; path = Info.plist; sourceTree = "<group>"; };
		495B26E31B462A540016271A /* ExistingVCPresenterTests.swift */ = {isa = PBXFileReference; lastKnownFileType = sourcecode.swift; path = ExistingVCPresenterTests.swift; sourceTree = "<group>"; };
/* End PBXFileReference section */

/* Begin PBXFrameworksBuildPhase section */
		495B26C51B462A540016271A /* Frameworks */ = {
			isa = PBXFrameworksBuildPhase;
			buildActionMask = 2147483647;
			files = (
			);
			runOnlyForDeploymentPostprocessing = 0;
		};
		495B26DA1B462A540016271A /* Frameworks */ = {
			isa = PBXFrameworksBuildPhase;
			buildActionMask = 2147483647;
			files = (
			);
			runOnlyForDeploymentPostprocessing = 0;
		};
/* End PBXFrameworksBuildPhase section */

/* Begin PBXGroup section */
		495B26BF1B462A540016271A = {
			isa = PBXGroup;
			children = (
				495B26CA1B462A540016271A /* ExistingVCPresenter */,
				495B26E01B462A540016271A /* ExistingVCPresenterTests */,
				495B26C91B462A540016271A /* Products */,
			);
			sourceTree = "<group>";
		};
		495B26C91B462A540016271A /* Products */ = {
			isa = PBXGroup;
			children = (
				495B26C81B462A540016271A /* ExistingVCPresenter.app */,
				495B26DD1B462A540016271A /* ExistingVCPresenterTests.xctest */,
			);
			name = Products;
			sourceTree = "<group>";
		};
		495B26CA1B462A540016271A /* ExistingVCPresenter */ = {
			isa = PBXGroup;
			children = (
				495B26CD1B462A540016271A /* AppDelegate.swift */,
				495B26CF1B462A540016271A /* ViewController.swift */,
				495B26D11B462A540016271A /* Main.storyboard */,
				495B26D41B462A540016271A /* Images.xcassets */,
				495B26D61B462A540016271A /* LaunchScreen.xib */,
				495B26CB1B462A540016271A /* Supporting Files */,
			);
			path = ExistingVCPresenter;
			sourceTree = "<group>";
		};
		495B26CB1B462A540016271A /* Supporting Files */ = {
			isa = PBXGroup;
			children = (
				495B26CC1B462A540016271A /* Info.plist */,
			);
			name = "Supporting Files";
			sourceTree = "<group>";
		};
		495B26E01B462A540016271A /* ExistingVCPresenterTests */ = {
			isa = PBXGroup;
			children = (
				495B26E31B462A540016271A /* ExistingVCPresenterTests.swift */,
				495B26E11B462A540016271A /* Supporting Files */,
			);
			path = ExistingVCPresenterTests;
			sourceTree = "<group>";
		};
		495B26E11B462A540016271A /* Supporting Files */ = {
			isa = PBXGroup;
			children = (
				495B26E21B462A540016271A /* Info.plist */,
			);
			name = "Supporting Files";
			sourceTree = "<group>";
		};
/* End PBXGroup section */

/* Begin PBXNativeTarget section */
		495B26C71B462A540016271A /* ExistingVCPresenter */ = {
			isa = PBXNativeTarget;
			buildConfigurationList = 495B26E71B462A540016271A /* Build configuration list for PBXNativeTarget "ExistingVCPresenter" */;
			buildPhases = (
				495B26C41B462A540016271A /* Sources */,
				495B26C51B462A540016271A /* Frameworks */,
				495B26C61B462A540016271A /* Resources */,
			);
			buildRules = (
			);
			dependencies = (
			);
			name = ExistingVCPresenter;
			productName = ExistingVCPresenter;
			productReference = 495B26C81B462A540016271A /* ExistingVCPresenter.app */;
			productType = "com.apple.product-type.application";
		};
		495B26DC1B462A540016271A /* ExistingVCPresenterTests */ = {
			isa = PBXNativeTarget;
			buildConfigurationList = 495B26EA1B462A540016271A /* Build configuration list for PBXNativeTarget "ExistingVCPresenterTests" */;
			buildPhases = (
				495B26D91B462A540016271A /* Sources */,
				495B26DA1B462A540016271A /* Frameworks */,
				495B26DB1B462A540016271A /* Resources */,
			);
			buildRules = (
			);
			dependencies = (
				495B26DF1B462A540016271A /* PBXTargetDependency */,
			);
			name = ExistingVCPresenterTests;
			productName = ExistingVCPresenterTests;
			productReference = 495B26DD1B462A540016271A /* ExistingVCPresenterTests.xctest */;
			productType = "com.apple.product-type.bundle.unit-test";
		};
/* End PBXNativeTarget section */

/* Begin PBXProject section */
		495B26C01B462A540016271A /* Project object */ = {
			isa = PBXProject;
			attributes = {
				LastUpgradeCheck = 0630;
				ORGANIZATIONNAME = "Alex Pendleton";
				TargetAttributes = {
					495B26C71B462A540016271A = {
						CreatedOnToolsVersion = 6.3.2;
					};
					495B26DC1B462A540016271A = {
						CreatedOnToolsVersion = 6.3.2;
						TestTargetID = 495B26C71B462A540016271A;
					};
				};
			};
			buildConfigurationList = 495B26C31B462A540016271A /* Build configuration list for PBXProject "ExistingVCPresenter" */;
			compatibilityVersion = "Xcode 3.2";
			developmentRegion = English;
			hasScannedForEncodings = 0;
			knownRegions = (
				en,
				Base,
			);
			mainGroup = 495B26BF1B462A540016271A;
			productRefGroup = 495B26C91B462A540016271A /* Products */;
			projectDirPath = "";
			projectRoot = "";
			targets = (
				495B26C71B462A540016271A /* ExistingVCPresenter */,
				495B26DC1B462A540016271A /* ExistingVCPresenterTests */,
			);
		};
/* End PBXProject section */

/* Begin PBXResourcesBuildPhase section */
		495B26C61B462A540016271A /* Resources */ = {
			isa = PBXResourcesBuildPhase;
			buildActionMask = 2147483647;
			files = (
				495B26D31B462A540016271A /* Main.storyboard in Resources */,
				495B26D81B462A540016271A /* LaunchScreen.xib in Resources */,
				495B26D51B462A540016271A /* Images.xcassets in Resources */,
			);
			runOnlyForDeploymentPostprocessing = 0;
		};
		495B26DB1B462A540016271A /* Resources */ = {
			isa = PBXResourcesBuildPhase;
			buildActionMask = 2147483647;
			files = (
			);
			runOnlyForDeploymentPostprocessing = 0;
		};
/* End PBXResourcesBuildPhase section */

/* Begin PBXSourcesBuildPhase section */
		495B26C41B462A540016271A /* Sources */ = {
			isa = PBXSourcesBuildPhase;
			buildActionMask = 2147483647;
			files = (
				495B26D01B462A540016271A /* ViewController.swift in Sources */,
				495B26CE1B462A540016271A /* AppDelegate.swift in Sources */,
			);
			runOnlyForDeploymentPostprocessing = 0;
		};
		495B26D91B462A540016271A /* Sources */ = {
			isa = PBXSourcesBuildPhase;
			buildActionMask = 2147483647;
			files = (
				495B26E41B462A540016271A /* ExistingVCPresenterTests.swift in Sources */,
			);
			runOnlyForDeploymentPostprocessing = 0;
		};
/* End PBXSourcesBuildPhase section */

/* Begin PBXTargetDependency section */
		495B26DF1B462A540016271A /* PBXTargetDependency */ = {
			isa = PBXTargetDependency;
			target = 495B26C71B462A540016271A /* ExistingVCPresenter */;
			targetProxy = 495B26DE1B462A540016271A /* PBXContainerItemProxy */;
		};
/* End PBXTargetDependency section */

/* Begin PBXVariantGroup section */
		495B26D11B462A540016271A /* Main.storyboard */ = {
			isa = PBXVariantGroup;
			children = (
				495B26D21B462A540016271A /* Base */,
			);
			name = Main.storyboard;
			sourceTree = "<group>";
		};
		495B26D61B462A540016271A /* LaunchScreen.xib */ = {
			isa = PBXVariantGroup;
			children = (
				495B26D71B462A540016271A /* Base */,
			);
			name = LaunchScreen.xib;
			sourceTree = "<group>";
		};
/* End PBXVariantGroup section */

/* Begin XCBuildConfiguration section */
		495B26E51B462A540016271A /* Debug */ = {
			isa = XCBuildConfiguration;
			buildSettings = {
				ALWAYS_SEARCH_USER_PATHS = NO;
				CLANG_CXX_LANGUAGE_STANDARD = "gnu++0x";
				CLANG_CXX_LIBRARY = "libc++";
				CLANG_ENABLE_MODULES = YES;
				CLANG_ENABLE_OBJC_ARC = YES;
				CLANG_WARN_BOOL_CONVERSION = YES;
				CLANG_WARN_CONSTANT_CONVERSION = YES;
				CLANG_WARN_DIRECT_OBJC_ISA_USAGE = YES_ERROR;
				CLANG_WARN_EMPTY_BODY = YES;
				CLANG_WARN_ENUM_CONVERSION = YES;
				CLANG_WARN_INT_CONVERSION = YES;
				CLANG_WARN_OBJC_ROOT_CLASS = YES_ERROR;
				CLANG_WARN_UNREACHABLE_CODE = YES;
				CLANG_WARN__DUPLICATE_METHOD_MATCH = YES;
				"CODE_SIGN_IDENTITY[sdk=iphoneos*]" = "iPhone Developer";
				COPY_PHASE_STRIP = NO;
				DEBUG_INFORMATION_FORMAT = "dwarf-with-dsym";
				ENABLE_STRICT_OBJC_MSGSEND = YES;
				GCC_C_LANGUAGE_STANDARD = gnu99;
				GCC_DYNAMIC_NO_PIC = NO;
				GCC_NO_COMMON_BLOCKS = YES;
				GCC_OPTIMIZATION_LEVEL = 0;
				GCC_PREPROCESSOR_DEFINITIONS = (
					"DEBUG=1",
					"$(inherited)",
				);
				GCC_SYMBOLS_PRIVATE_EXTERN = NO;
				GCC_WARN_64_TO_32_BIT_CONVERSION = YES;
				GCC_WARN_ABOUT_RETURN_TYPE = YES_ERROR;
				GCC_WARN_UNDECLARED_SELECTOR = YES;
				GCC_WARN_UNINITIALIZED_AUTOS = YES_AGGRESSIVE;
				GCC_WARN_UNUSED_FUNCTION = YES;
				GCC_WARN_UNUSED_VARIABLE = YES;
				IPHONEOS_DEPLOYMENT_TARGET = 8.3;
				MTL_ENABLE_DEBUG_INFO = YES;
				ONLY_ACTIVE_ARCH = YES;
				SDKROOT = iphoneos;
				SWIFT_OPTIMIZATION_LEVEL = "-Onone";
				TARGETED_DEVICE_FAMILY = "1,2";
			};
			name = Debug;
		};
		495B26E61B462A540016271A /* Release */ = {
			isa = XCBuildConfiguration;
			buildSettings = {
				ALWAYS_SEARCH_USER_PATHS = NO;
				CLANG_CXX_LANGUAGE_STANDARD = "gnu++0x";
				CLANG_CXX_LIBRARY = "libc++";
				CLANG_ENABLE_MODULES = YES;
				CLANG_ENABLE_OBJC_ARC = YES;
				CLANG_WARN_BOOL_CONVERSION = YES;
				CLANG_WARN_CONSTANT_CONVERSION = YES;
				CLANG_WARN_DIRECT_OBJC_ISA_USAGE = YES_ERROR;
				CLANG_WARN_EMPTY_BODY = YES;
				CLANG_WARN_ENUM_CONVERSION = YES;
				CLANG_WARN_INT_CONVERSION = YES;
				CLANG_WARN_OBJC_ROOT_CLASS = YES_ERROR;
				CLANG_WARN_UNREACHABLE_CODE = YES;
				CLANG_WARN__DUPLICATE_METHOD_MATCH = YES;
				"CODE_SIGN_IDENTITY[sdk=iphoneos*]" = "iPhone Developer";
				COPY_PHASE_STRIP = NO;
				DEBUG_INFORMATION_FORMAT = "dwarf-with-dsym";
				ENABLE_NS_ASSERTIONS = NO;
				ENABLE_STRICT_OBJC_MSGSEND = YES;
				GCC_C_LANGUAGE_STANDARD = gnu99;
				GCC_NO_COMMON_BLOCKS = YES;
				GCC_WARN_64_TO_32_BIT_CONVERSION = YES;
				GCC_WARN_ABOUT_RETURN_TYPE = YES_ERROR;
				GCC_WARN_UNDECLARED_SELECTOR = YES;
				GCC_WARN_UNINITIALIZED_AUTOS = YES_AGGRESSIVE;
				GCC_WARN_UNUSED_FUNCTION = YES;
				GCC_WARN_UNUSED_VARIABLE = YES;
				IPHONEOS_DEPLOYMENT_TARGET = 8.3;
				MTL_ENABLE_DEBUG_INFO = NO;
				SDKROOT = iphoneos;
				TARGETED_DEVICE_FAMILY = "1,2";
				VALIDATE_PRODUCT = YES;
			};
			name = Release;
		};
		495B26E81B462A540016271A /* Debug */ = {
			isa = XCBuildConfiguration;
			buildSettings = {
				ASSETCATALOG_COMPILER_APPICON_NAME = AppIcon;
				INFOPLIST_FILE = ExistingVCPresenter/Info.plist;
				LD_RUNPATH_SEARCH_PATHS = "$(inherited) @executable_path/Frameworks";
				PRODUCT_NAME = "$(TARGET_NAME)";
			};
			name = Debug;
		};
		495B26E91B462A540016271A /* Release */ = {
			isa = XCBuildConfiguration;
			buildSettings = {
				ASSETCATALOG_COMPILER_APPICON_NAME = AppIcon;
				INFOPLIST_FILE = ExistingVCPresenter/Info.plist;
				LD_RUNPATH_SEARCH_PATHS = "$(inherited) @executable_path/Frameworks";
				PRODUCT_NAME = "$(TARGET_NAME)";
			};
			name = Release;
		};
		495B26EB1B462A540016271A /* Debug */ = {
			isa = XCBuildConfiguration;
			buildSettings = {
				BUNDLE_LOADER = "$(TEST_HOST)";
				FRAMEWORK_SEARCH_PATHS = (
					"$(SDKROOT)/Developer/Library/Frameworks",
					"$(inherited)",
				);
				GCC_PREPROCESSOR_DEFINITIONS = (
					"DEBUG=1",
					"$(inherited)",
				);
				INFOPLIST_FILE = ExistingVCPresenterTests/Info.plist;
				LD_RUNPATH_SEARCH_PATHS = "$(inherited) @executable_path/Frameworks @loader_path/Frameworks";
				PRODUCT_NAME = "$(TARGET_NAME)";
				TEST_HOST = "$(BUILT_PRODUCTS_DIR)/ExistingVCPresenter.app/ExistingVCPresenter";
			};
			name = Debug;
		};
		495B26EC1B462A540016271A /* Release */ = {
			isa = XCBuildConfiguration;
			buildSettings = {
				BUNDLE_LOADER = "$(TEST_HOST)";
				FRAMEWORK_SEARCH_PATHS = (
					"$(SDKROOT)/Developer/Library/Frameworks",
					"$(inherited)",
				);
				INFOPLIST_FILE = ExistingVCPresenterTests/Info.plist;
				LD_RUNPATH_SEARCH_PATHS = "$(inherited) @executable_path/Frameworks @loader_path/Frameworks";
				PRODUCT_NAME = "$(TARGET_NAME)";
				TEST_HOST = "$(BUILT_PRODUCTS_DIR)/ExistingVCPresenter.app/ExistingVCPresenter";
			};
			name = Release;
		};
/* End XCBuildConfiguration section */

/* Begin XCConfigurationList section */
		495B26C31B462A540016271A /* Build configuration list for PBXProject "ExistingVCPresenter" */ = {
			isa = XCConfigurationList;
			buildConfigurations = (
				495B26E51B462A540016271A /* Debug */,
				495B26E61B462A540016271A /* Release */,
			);
			defaultConfigurationIsVisible = 0;
			defaultConfigurationName = Release;
		};
		495B26E71B462A540016271A /* Build configuration list for PBXNativeTarget "ExistingVCPresenter" */ = {
			isa = XCConfigurationList;
			buildConfigurations = (
				495B26E81B462A540016271A /* Debug */,
				495B26E91B462A540016271A /* Release */,
			);
			defaultConfigurationIsVisible = 0;
		};
		495B26EA1B462A540016271A /* Build configuration list for PBXNativeTarget "ExistingVCPresenterTests" */ = {
			isa = XCConfigurationList;
			buildConfigurations = (
				495B26EB1B462A540016271A /* Debug */,
				495B26EC1B462A540016271A /* Release */,
			);
			defaultConfigurationIsVisible = 0;
		};
/* End XCConfigurationList section */
	};
	rootObject = 495B26C01B462A540016271A /* Project object */;
}
