// !$*UTF8*$!
{
	archiveVersion = 1;
	classes = {
	};
	objectVersion = 46;
	objects = {

/* Begin PBXBuildFile section */
		49AA3BDD1B48AE58004CF798 /* AppDelegate.swift in Sources */ = {isa = PBXBuildFile; fileRef = 49AA3BDC1B48AE58004CF798 /* AppDelegate.swift */; };
		49AA3BDF1B48AE58004CF798 /* ViewController.swift in Sources */ = {isa = PBXBuildFile; fileRef = 49AA3BDE1B48AE58004CF798 /* ViewController.swift */; };
		49AA3BE21B48AE58004CF798 /* Main.storyboard in Resources */ = {isa = PBXBuildFile; fileRef = 49AA3BE01B48AE58004CF798 /* Main.storyboard */; };
		49AA3BE41B48AE58004CF798 /* Images.xcassets in Resources */ = {isa = PBXBuildFile; fileRef = 49AA3BE31B48AE58004CF798 /* Images.xcassets */; };
		49AA3BE71B48AE58004CF798 /* LaunchScreen.xib in Resources */ = {isa = PBXBuildFile; fileRef = 49AA3BE51B48AE58004CF798 /* LaunchScreen.xib */; };
		49AA3BF31B48AE58004CF798 /* TextFieldsChallengeTests.swift in Sources */ = {isa = PBXBuildFile; fileRef = 49AA3BF21B48AE58004CF798 /* TextFieldsChallengeTests.swift */; };
/* End PBXBuildFile section */

/* Begin PBXContainerItemProxy section */
		49AA3BED1B48AE58004CF798 /* PBXContainerItemProxy */ = {
			isa = PBXContainerItemProxy;
			containerPortal = 49AA3BCF1B48AE58004CF798 /* Project object */;
			proxyType = 1;
			remoteGlobalIDString = 49AA3BD61B48AE58004CF798;
			remoteInfo = TextFieldsChallenge;
		};
/* End PBXContainerItemProxy section */

/* Begin PBXFileReference section */
		49AA3BD71B48AE58004CF798 /* TextFieldsChallenge.app */ = {isa = PBXFileReference; explicitFileType = wrapper.application; includeInIndex = 0; path = TextFieldsChallenge.app; sourceTree = BUILT_PRODUCTS_DIR; };
		49AA3BDB1B48AE58004CF798 /* Info.plist */ = {isa = PBXFileReference; lastKnownFileType = text.plist.xml; path = Info.plist; sourceTree = "<group>"; };
		49AA3BDC1B48AE58004CF798 /* AppDelegate.swift */ = {isa = PBXFileReference; lastKnownFileType = sourcecode.swift; path = AppDelegate.swift; sourceTree = "<group>"; };
		49AA3BDE1B48AE58004CF798 /* ViewController.swift */ = {isa = PBXFileReference; lastKnownFileType = sourcecode.swift; path = ViewController.swift; sourceTree = "<group>"; };
		49AA3BE11B48AE58004CF798 /* Base */ = {isa = PBXFileReference; lastKnownFileType = file.storyboard; name = Base; path = Base.lproj/Main.storyboard; sourceTree = "<group>"; };
		49AA3BE31B48AE58004CF798 /* Images.xcassets */ = {isa = PBXFileReference; lastKnownFileType = folder.assetcatalog; path = Images.xcassets; sourceTree = "<group>"; };
		49AA3BE61B48AE58004CF798 /* Base */ = {isa = PBXFileReference; lastKnownFileType = file.xib; name = Base; path = Base.lproj/LaunchScreen.xib; sourceTree = "<group>"; };
		49AA3BEC1B48AE58004CF798 /* TextFieldsChallengeTests.xctest */ = {isa = PBXFileReference; explicitFileType = wrapper.cfbundle; includeInIndex = 0; path = TextFieldsChallengeTests.xctest; sourceTree = BUILT_PRODUCTS_DIR; };
		49AA3BF11B48AE58004CF798 /* Info.plist */ = {isa = PBXFileReference; lastKnownFileType = text.plist.xml; path = Info.plist; sourceTree = "<group>"; };
		49AA3BF21B48AE58004CF798 /* TextFieldsChallengeTests.swift */ = {isa = PBXFileReference; lastKnownFileType = sourcecode.swift; path = TextFieldsChallengeTests.swift; sourceTree = "<group>"; };
/* End PBXFileReference section */

/* Begin PBXFrameworksBuildPhase section */
		49AA3BD41B48AE58004CF798 /* Frameworks */ = {
			isa = PBXFrameworksBuildPhase;
			buildActionMask = 2147483647;
			files = (
			);
			runOnlyForDeploymentPostprocessing = 0;
		};
		49AA3BE91B48AE58004CF798 /* Frameworks */ = {
			isa = PBXFrameworksBuildPhase;
			buildActionMask = 2147483647;
			files = (
			);
			runOnlyForDeploymentPostprocessing = 0;
		};
/* End PBXFrameworksBuildPhase section */

/* Begin PBXGroup section */
		49AA3BCE1B48AE58004CF798 = {
			isa = PBXGroup;
			children = (
				49AA3BD91B48AE58004CF798 /* TextFieldsChallenge */,
				49AA3BEF1B48AE58004CF798 /* TextFieldsChallengeTests */,
				49AA3BD81B48AE58004CF798 /* Products */,
			);
			sourceTree = "<group>";
		};
		49AA3BD81B48AE58004CF798 /* Products */ = {
			isa = PBXGroup;
			children = (
				49AA3BD71B48AE58004CF798 /* TextFieldsChallenge.app */,
				49AA3BEC1B48AE58004CF798 /* TextFieldsChallengeTests.xctest */,
			);
			name = Products;
			sourceTree = "<group>";
		};
		49AA3BD91B48AE58004CF798 /* TextFieldsChallenge */ = {
			isa = PBXGroup;
			children = (
				49AA3BDC1B48AE58004CF798 /* AppDelegate.swift */,
				49AA3BDE1B48AE58004CF798 /* ViewController.swift */,
				49AA3BE01B48AE58004CF798 /* Main.storyboard */,
				49AA3BE31B48AE58004CF798 /* Images.xcassets */,
				49AA3BE51B48AE58004CF798 /* LaunchScreen.xib */,
				49AA3BDA1B48AE58004CF798 /* Supporting Files */,
			);
			path = TextFieldsChallenge;
			sourceTree = "<group>";
		};
		49AA3BDA1B48AE58004CF798 /* Supporting Files */ = {
			isa = PBXGroup;
			children = (
				49AA3BDB1B48AE58004CF798 /* Info.plist */,
			);
			name = "Supporting Files";
			sourceTree = "<group>";
		};
		49AA3BEF1B48AE58004CF798 /* TextFieldsChallengeTests */ = {
			isa = PBXGroup;
			children = (
				49AA3BF21B48AE58004CF798 /* TextFieldsChallengeTests.swift */,
				49AA3BF01B48AE58004CF798 /* Supporting Files */,
			);
			path = TextFieldsChallengeTests;
			sourceTree = "<group>";
		};
		49AA3BF01B48AE58004CF798 /* Supporting Files */ = {
			isa = PBXGroup;
			children = (
				49AA3BF11B48AE58004CF798 /* Info.plist */,
			);
			name = "Supporting Files";
			sourceTree = "<group>";
		};
/* End PBXGroup section */

/* Begin PBXNativeTarget section */
		49AA3BD61B48AE58004CF798 /* TextFieldsChallenge */ = {
			isa = PBXNativeTarget;
			buildConfigurationList = 49AA3BF61B48AE58004CF798 /* Build configuration list for PBXNativeTarget "TextFieldsChallenge" */;
			buildPhases = (
				49AA3BD31B48AE58004CF798 /* Sources */,
				49AA3BD41B48AE58004CF798 /* Frameworks */,
				49AA3BD51B48AE58004CF798 /* Resources */,
			);
			buildRules = (
			);
			dependencies = (
			);
			name = TextFieldsChallenge;
			productName = TextFieldsChallenge;
			productReference = 49AA3BD71B48AE58004CF798 /* TextFieldsChallenge.app */;
			productType = "com.apple.product-type.application";
		};
		49AA3BEB1B48AE58004CF798 /* TextFieldsChallengeTests */ = {
			isa = PBXNativeTarget;
			buildConfigurationList = 49AA3BF91B48AE58004CF798 /* Build configuration list for PBXNativeTarget "TextFieldsChallengeTests" */;
			buildPhases = (
				49AA3BE81B48AE58004CF798 /* Sources */,
				49AA3BE91B48AE58004CF798 /* Frameworks */,
				49AA3BEA1B48AE58004CF798 /* Resources */,
			);
			buildRules = (
			);
			dependencies = (
				49AA3BEE1B48AE58004CF798 /* PBXTargetDependency */,
			);
			name = TextFieldsChallengeTests;
			productName = TextFieldsChallengeTests;
			productReference = 49AA3BEC1B48AE58004CF798 /* TextFieldsChallengeTests.xctest */;
			productType = "com.apple.product-type.bundle.unit-test";
		};
/* End PBXNativeTarget section */

/* Begin PBXProject section */
		49AA3BCF1B48AE58004CF798 /* Project object */ = {
			isa = PBXProject;
			attributes = {
				LastUpgradeCheck = 0630;
				ORGANIZATIONNAME = "Alex Pendleton";
				TargetAttributes = {
					49AA3BD61B48AE58004CF798 = {
						CreatedOnToolsVersion = 6.3.2;
					};
					49AA3BEB1B48AE58004CF798 = {
						CreatedOnToolsVersion = 6.3.2;
						TestTargetID = 49AA3BD61B48AE58004CF798;
					};
				};
			};
			buildConfigurationList = 49AA3BD21B48AE58004CF798 /* Build configuration list for PBXProject "TextFieldsChallenge" */;
			compatibilityVersion = "Xcode 3.2";
			developmentRegion = English;
			hasScannedForEncodings = 0;
			knownRegions = (
				en,
				Base,
			);
			mainGroup = 49AA3BCE1B48AE58004CF798;
			productRefGroup = 49AA3BD81B48AE58004CF798 /* Products */;
			projectDirPath = "";
			projectRoot = "";
			targets = (
				49AA3BD61B48AE58004CF798 /* TextFieldsChallenge */,
				49AA3BEB1B48AE58004CF798 /* TextFieldsChallengeTests */,
			);
		};
/* End PBXProject section */

/* Begin PBXResourcesBuildPhase section */
		49AA3BD51B48AE58004CF798 /* Resources */ = {
			isa = PBXResourcesBuildPhase;
			buildActionMask = 2147483647;
			files = (
				49AA3BE21B48AE58004CF798 /* Main.storyboard in Resources */,
				49AA3BE71B48AE58004CF798 /* LaunchScreen.xib in Resources */,
				49AA3BE41B48AE58004CF798 /* Images.xcassets in Resources */,
			);
			runOnlyForDeploymentPostprocessing = 0;
		};
		49AA3BEA1B48AE58004CF798 /* Resources */ = {
			isa = PBXResourcesBuildPhase;
			buildActionMask = 2147483647;
			files = (
			);
			runOnlyForDeploymentPostprocessing = 0;
		};
/* End PBXResourcesBuildPhase section */

/* Begin PBXSourcesBuildPhase section */
		49AA3BD31B48AE58004CF798 /* Sources */ = {
			isa = PBXSourcesBuildPhase;
			buildActionMask = 2147483647;
			files = (
				49AA3BDF1B48AE58004CF798 /* ViewController.swift in Sources */,
				49AA3BDD1B48AE58004CF798 /* AppDelegate.swift in Sources */,
			);
			runOnlyForDeploymentPostprocessing = 0;
		};
		49AA3BE81B48AE58004CF798 /* Sources */ = {
			isa = PBXSourcesBuildPhase;
			buildActionMask = 2147483647;
			files = (
				49AA3BF31B48AE58004CF798 /* TextFieldsChallengeTests.swift in Sources */,
			);
			runOnlyForDeploymentPostprocessing = 0;
		};
/* End PBXSourcesBuildPhase section */

/* Begin PBXTargetDependency section */
		49AA3BEE1B48AE58004CF798 /* PBXTargetDependency */ = {
			isa = PBXTargetDependency;
			target = 49AA3BD61B48AE58004CF798 /* TextFieldsChallenge */;
			targetProxy = 49AA3BED1B48AE58004CF798 /* PBXContainerItemProxy */;
		};
/* End PBXTargetDependency section */

/* Begin PBXVariantGroup section */
		49AA3BE01B48AE58004CF798 /* Main.storyboard */ = {
			isa = PBXVariantGroup;
			children = (
				49AA3BE11B48AE58004CF798 /* Base */,
			);
			name = Main.storyboard;
			sourceTree = "<group>";
		};
		49AA3BE51B48AE58004CF798 /* LaunchScreen.xib */ = {
			isa = PBXVariantGroup;
			children = (
				49AA3BE61B48AE58004CF798 /* Base */,
			);
			name = LaunchScreen.xib;
			sourceTree = "<group>";
		};
/* End PBXVariantGroup section */

/* Begin XCBuildConfiguration section */
		49AA3BF41B48AE58004CF798 /* Debug */ = {
			isa = XCBuildConfiguration;
			buildSettings = {
				ALWAYS_SEARCH_USER_PATHS = NO;
				CLANG_CXX_LANGUAGE_STANDARD = "gnu++0x";
				CLANG_CXX_LIBRARY = "libc++";
				CLANG_ENABLE_MODULES = YES;
				CLANG_ENABLE_OBJC_ARC = YES;
				CLANG_WARN_BOOL_CONVERSION = YES;
				CLANG_WARN_CONSTANT_CONVERSION = YES;
				CLANG_WARN_DIRECT_OBJC_ISA_USAGE = YES_ERROR;
				CLANG_WARN_EMPTY_BODY = YES;
				CLANG_WARN_ENUM_CONVERSION = YES;
				CLANG_WARN_INT_CONVERSION = YES;
				CLANG_WARN_OBJC_ROOT_CLASS = YES_ERROR;
				CLANG_WARN_UNREACHABLE_CODE = YES;
				CLANG_WARN__DUPLICATE_METHOD_MATCH = YES;
				"CODE_SIGN_IDENTITY[sdk=iphoneos*]" = "iPhone Developer";
				COPY_PHASE_STRIP = NO;
				DEBUG_INFORMATION_FORMAT = "dwarf-with-dsym";
				ENABLE_STRICT_OBJC_MSGSEND = YES;
				GCC_C_LANGUAGE_STANDARD = gnu99;
				GCC_DYNAMIC_NO_PIC = NO;
				GCC_NO_COMMON_BLOCKS = YES;
				GCC_OPTIMIZATION_LEVEL = 0;
				GCC_PREPROCESSOR_DEFINITIONS = (
					"DEBUG=1",
					"$(inherited)",
				);
				GCC_SYMBOLS_PRIVATE_EXTERN = NO;
				GCC_WARN_64_TO_32_BIT_CONVERSION = YES;
				GCC_WARN_ABOUT_RETURN_TYPE = YES_ERROR;
				GCC_WARN_UNDECLARED_SELECTOR = YES;
				GCC_WARN_UNINITIALIZED_AUTOS = YES_AGGRESSIVE;
				GCC_WARN_UNUSED_FUNCTION = YES;
				GCC_WARN_UNUSED_VARIABLE = YES;
				IPHONEOS_DEPLOYMENT_TARGET = 8.3;
				MTL_ENABLE_DEBUG_INFO = YES;
				ONLY_ACTIVE_ARCH = YES;
				SDKROOT = iphoneos;
				SWIFT_OPTIMIZATION_LEVEL = "-Onone";
				TARGETED_DEVICE_FAMILY = "1,2";
			};
			name = Debug;
		};
		49AA3BF51B48AE58004CF798 /* Release */ = {
			isa = XCBuildConfiguration;
			buildSettings = {
				ALWAYS_SEARCH_USER_PATHS = NO;
				CLANG_CXX_LANGUAGE_STANDARD = "gnu++0x";
				CLANG_CXX_LIBRARY = "libc++";
				CLANG_ENABLE_MODULES = YES;
				CLANG_ENABLE_OBJC_ARC = YES;
				CLANG_WARN_BOOL_CONVERSION = YES;
				CLANG_WARN_CONSTANT_CONVERSION = YES;
				CLANG_WARN_DIRECT_OBJC_ISA_USAGE = YES_ERROR;
				CLANG_WARN_EMPTY_BODY = YES;
				CLANG_WARN_ENUM_CONVERSION = YES;
				CLANG_WARN_INT_CONVERSION = YES;
				CLANG_WARN_OBJC_ROOT_CLASS = YES_ERROR;
				CLANG_WARN_UNREACHABLE_CODE = YES;
				CLANG_WARN__DUPLICATE_METHOD_MATCH = YES;
				"CODE_SIGN_IDENTITY[sdk=iphoneos*]" = "iPhone Developer";
				COPY_PHASE_STRIP = NO;
				DEBUG_INFORMATION_FORMAT = "dwarf-with-dsym";
				ENABLE_NS_ASSERTIONS = NO;
				ENABLE_STRICT_OBJC_MSGSEND = YES;
				GCC_C_LANGUAGE_STANDARD = gnu99;
				GCC_NO_COMMON_BLOCKS = YES;
				GCC_WARN_64_TO_32_BIT_CONVERSION = YES;
				GCC_WARN_ABOUT_RETURN_TYPE = YES_ERROR;
				GCC_WARN_UNDECLARED_SELECTOR = YES;
				GCC_WARN_UNINITIALIZED_AUTOS = YES_AGGRESSIVE;
				GCC_WARN_UNUSED_FUNCTION = YES;
				GCC_WARN_UNUSED_VARIABLE = YES;
				IPHONEOS_DEPLOYMENT_TARGET = 8.3;
				MTL_ENABLE_DEBUG_INFO = NO;
				SDKROOT = iphoneos;
				TARGETED_DEVICE_FAMILY = "1,2";
				VALIDATE_PRODUCT = YES;
			};
			name = Release;
		};
		49AA3BF71B48AE58004CF798 /* Debug */ = {
			isa = XCBuildConfiguration;
			buildSettings = {
				ASSETCATALOG_COMPILER_APPICON_NAME = AppIcon;
				INFOPLIST_FILE = TextFieldsChallenge/Info.plist;
				LD_RUNPATH_SEARCH_PATHS = "$(inherited) @executable_path/Frameworks";
				PRODUCT_NAME = "$(TARGET_NAME)";
			};
			name = Debug;
		};
		49AA3BF81B48AE58004CF798 /* Release */ = {
			isa = XCBuildConfiguration;
			buildSettings = {
				ASSETCATALOG_COMPILER_APPICON_NAME = AppIcon;
				INFOPLIST_FILE = TextFieldsChallenge/Info.plist;
				LD_RUNPATH_SEARCH_PATHS = "$(inherited) @executable_path/Frameworks";
				PRODUCT_NAME = "$(TARGET_NAME)";
			};
			name = Release;
		};
		49AA3BFA1B48AE58004CF798 /* Debug */ = {
			isa = XCBuildConfiguration;
			buildSettings = {
				BUNDLE_LOADER = "$(TEST_HOST)";
				FRAMEWORK_SEARCH_PATHS = (
					"$(SDKROOT)/Developer/Library/Frameworks",
					"$(inherited)",
				);
				GCC_PREPROCESSOR_DEFINITIONS = (
					"DEBUG=1",
					"$(inherited)",
				);
				INFOPLIST_FILE = TextFieldsChallengeTests/Info.plist;
				LD_RUNPATH_SEARCH_PATHS = "$(inherited) @executable_path/Frameworks @loader_path/Frameworks";
				PRODUCT_NAME = "$(TARGET_NAME)";
				TEST_HOST = "$(BUILT_PRODUCTS_DIR)/TextFieldsChallenge.app/TextFieldsChallenge";
			};
			name = Debug;
		};
		49AA3BFB1B48AE58004CF798 /* Release */ = {
			isa = XCBuildConfiguration;
			buildSettings = {
				BUNDLE_LOADER = "$(TEST_HOST)";
				FRAMEWORK_SEARCH_PATHS = (
					"$(SDKROOT)/Developer/Library/Frameworks",
					"$(inherited)",
				);
				INFOPLIST_FILE = TextFieldsChallengeTests/Info.plist;
				LD_RUNPATH_SEARCH_PATHS = "$(inherited) @executable_path/Frameworks @loader_path/Frameworks";
				PRODUCT_NAME = "$(TARGET_NAME)";
				TEST_HOST = "$(BUILT_PRODUCTS_DIR)/TextFieldsChallenge.app/TextFieldsChallenge";
			};
			name = Release;
		};
/* End XCBuildConfiguration section */

/* Begin XCConfigurationList section */
		49AA3BD21B48AE58004CF798 /* Build configuration list for PBXProject "TextFieldsChallenge" */ = {
			isa = XCConfigurationList;
			buildConfigurations = (
				49AA3BF41B48AE58004CF798 /* Debug */,
				49AA3BF51B48AE58004CF798 /* Release */,
			);
			defaultConfigurationIsVisible = 0;
			defaultConfigurationName = Release;
		};
		49AA3BF61B48AE58004CF798 /* Build configuration list for PBXNativeTarget "TextFieldsChallenge" */ = {
			isa = XCConfigurationList;
			buildConfigurations = (
				49AA3BF71B48AE58004CF798 /* Debug */,
				49AA3BF81B48AE58004CF798 /* Release */,
			);
			defaultConfigurationIsVisible = 0;
		};
		49AA3BF91B48AE58004CF798 /* Build configuration list for PBXNativeTarget "TextFieldsChallengeTests" */ = {
			isa = XCConfigurationList;
			buildConfigurations = (
				49AA3BFA1B48AE58004CF798 /* Debug */,
				49AA3BFB1B48AE58004CF798 /* Release */,
			);
			defaultConfigurationIsVisible = 0;
		};
/* End XCConfigurationList section */
	};
	rootObject = 49AA3BCF1B48AE58004CF798 /* Project object */;
}
