// !$*UTF8*$!
{
	archiveVersion = 1;
	classes = {
	};
	objectVersion = 46;
	objects = {

/* Begin PBXBuildFile section */
		490749181B8555A8005CBA8B /* SentMemesTabViewController.swift in Sources */ = {isa = PBXBuildFile; fileRef = 490749171B8555A8005CBA8B /* SentMemesTabViewController.swift */; };
		4907491C1B86B190005CBA8B /* MemeView.xib in Resources */ = {isa = PBXBuildFile; fileRef = 4907491B1B86B190005CBA8B /* MemeView.xib */; };
		4907491E1B86B2A9005CBA8B /* MemeView.swift in Sources */ = {isa = PBXBuildFile; fileRef = 4907491D1B86B2A9005CBA8B /* MemeView.swift */; };
		4931B8E81B7EAEE000E67DF4 /* MemeModel.swift in Sources */ = {isa = PBXBuildFile; fileRef = 4931B8E71B7EAEE000E67DF4 /* MemeModel.swift */; };
		4931B8EA1B7EC17200E67DF4 /* InMemoryMemeRepository.swift in Sources */ = {isa = PBXBuildFile; fileRef = 4931B8E91B7EC17200E67DF4 /* InMemoryMemeRepository.swift */; };
		4931B8EC1B7ED64C00E67DF4 /* PastMemesViewController.swift in Sources */ = {isa = PBXBuildFile; fileRef = 4931B8EB1B7ED64C00E67DF4 /* PastMemesViewController.swift */; };
		494BA1B81B80037E0020FAE2 /* MemeRepository.swift in Sources */ = {isa = PBXBuildFile; fileRef = 494BA1B71B80037E0020FAE2 /* MemeRepository.swift */; };
		494BA1BA1B800B400020FAE2 /* PrepopulatedTestRepo.swift in Sources */ = {isa = PBXBuildFile; fileRef = 494BA1B91B800B400020FAE2 /* PrepopulatedTestRepo.swift */; };
		494BA1BC1B8010E70020FAE2 /* MemeCollectionViewController.swift in Sources */ = {isa = PBXBuildFile; fileRef = 494BA1BB1B8010E70020FAE2 /* MemeCollectionViewController.swift */; };
		4989E8DE1B796A820019B03E /* AppDelegate.swift in Sources */ = {isa = PBXBuildFile; fileRef = 4989E8DD1B796A820019B03E /* AppDelegate.swift */; };
		4989E8E01B796A820019B03E /* PickerViewController.swift in Sources */ = {isa = PBXBuildFile; fileRef = 4989E8DF1B796A820019B03E /* PickerViewController.swift */; };
		4989E8E31B796A820019B03E /* Main.storyboard in Resources */ = {isa = PBXBuildFile; fileRef = 4989E8E11B796A820019B03E /* Main.storyboard */; };
		4989E8E51B796A820019B03E /* Images.xcassets in Resources */ = {isa = PBXBuildFile; fileRef = 4989E8E41B796A820019B03E /* Images.xcassets */; };
		4989E8E81B796A820019B03E /* LaunchScreen.xib in Resources */ = {isa = PBXBuildFile; fileRef = 4989E8E61B796A820019B03E /* LaunchScreen.xib */; };
		4989E8F41B796A820019B03E /* MemeMeTests.swift in Sources */ = {isa = PBXBuildFile; fileRef = 4989E8F31B796A820019B03E /* MemeMeTests.swift */; };
		4989E8FE1B797D2E0019B03E /* MemeTextFieldDelegate.swift in Sources */ = {isa = PBXBuildFile; fileRef = 4989E8FD1B797D2E0019B03E /* MemeTextFieldDelegate.swift */; };
/* End PBXBuildFile section */

/* Begin PBXContainerItemProxy section */
		4989E8EE1B796A820019B03E /* PBXContainerItemProxy */ = {
			isa = PBXContainerItemProxy;
			containerPortal = 4989E8D01B796A820019B03E /* Project object */;
			proxyType = 1;
			remoteGlobalIDString = 4989E8D71B796A820019B03E;
			remoteInfo = MemeMe;
		};
/* End PBXContainerItemProxy section */

/* Begin PBXFileReference section */
		490749171B8555A8005CBA8B /* SentMemesTabViewController.swift */ = {isa = PBXFileReference; fileEncoding = 4; lastKnownFileType = sourcecode.swift; path = SentMemesTabViewController.swift; sourceTree = "<group>"; };
		4907491B1B86B190005CBA8B /* MemeView.xib */ = {isa = PBXFileReference; fileEncoding = 4; lastKnownFileType = file.xib; path = MemeView.xib; sourceTree = "<group>"; };
		4907491D1B86B2A9005CBA8B /* MemeView.swift */ = {isa = PBXFileReference; fileEncoding = 4; lastKnownFileType = sourcecode.swift; path = MemeView.swift; sourceTree = "<group>"; };
		4931B8E71B7EAEE000E67DF4 /* MemeModel.swift */ = {isa = PBXFileReference; fileEncoding = 4; lastKnownFileType = sourcecode.swift; path = MemeModel.swift; sourceTree = "<group>"; };
		4931B8E91B7EC17200E67DF4 /* InMemoryMemeRepository.swift */ = {isa = PBXFileReference; fileEncoding = 4; lastKnownFileType = sourcecode.swift; path = InMemoryMemeRepository.swift; sourceTree = "<group>"; };
		4931B8EB1B7ED64C00E67DF4 /* PastMemesViewController.swift */ = {isa = PBXFileReference; fileEncoding = 4; lastKnownFileType = sourcecode.swift; path = PastMemesViewController.swift; sourceTree = "<group>"; };
		494BA1B71B80037E0020FAE2 /* MemeRepository.swift */ = {isa = PBXFileReference; fileEncoding = 4; lastKnownFileType = sourcecode.swift; path = MemeRepository.swift; sourceTree = "<group>"; };
		494BA1B91B800B400020FAE2 /* PrepopulatedTestRepo.swift */ = {isa = PBXFileReference; fileEncoding = 4; lastKnownFileType = sourcecode.swift; path = PrepopulatedTestRepo.swift; sourceTree = "<group>"; };
		494BA1BB1B8010E70020FAE2 /* MemeCollectionViewController.swift */ = {isa = PBXFileReference; fileEncoding = 4; lastKnownFileType = sourcecode.swift; path = MemeCollectionViewController.swift; sourceTree = "<group>"; };
		4989E8D81B796A820019B03E /* MemeMe.app */ = {isa = PBXFileReference; explicitFileType = wrapper.application; includeInIndex = 0; path = MemeMe.app; sourceTree = BUILT_PRODUCTS_DIR; };
		4989E8DC1B796A820019B03E /* Info.plist */ = {isa = PBXFileReference; lastKnownFileType = text.plist.xml; path = Info.plist; sourceTree = "<group>"; };
		4989E8DD1B796A820019B03E /* AppDelegate.swift */ = {isa = PBXFileReference; lastKnownFileType = sourcecode.swift; path = AppDelegate.swift; sourceTree = "<group>"; };
		4989E8DF1B796A820019B03E /* PickerViewController.swift */ = {isa = PBXFileReference; lastKnownFileType = sourcecode.swift; path = PickerViewController.swift; sourceTree = "<group>"; };
		4989E8E21B796A820019B03E /* Base */ = {isa = PBXFileReference; lastKnownFileType = file.storyboard; name = Base; path = Base.lproj/Main.storyboard; sourceTree = "<group>"; };
		4989E8E41B796A820019B03E /* Images.xcassets */ = {isa = PBXFileReference; lastKnownFileType = folder.assetcatalog; path = Images.xcassets; sourceTree = "<group>"; };
		4989E8E71B796A820019B03E /* Base */ = {isa = PBXFileReference; lastKnownFileType = file.xib; name = Base; path = Base.lproj/LaunchScreen.xib; sourceTree = "<group>"; };
		4989E8ED1B796A820019B03E /* MemeMeTests.xctest */ = {isa = PBXFileReference; explicitFileType = wrapper.cfbundle; includeInIndex = 0; path = MemeMeTests.xctest; sourceTree = BUILT_PRODUCTS_DIR; };
		4989E8F21B796A820019B03E /* Info.plist */ = {isa = PBXFileReference; lastKnownFileType = text.plist.xml; path = Info.plist; sourceTree = "<group>"; };
		4989E8F31B796A820019B03E /* MemeMeTests.swift */ = {isa = PBXFileReference; lastKnownFileType = sourcecode.swift; path = MemeMeTests.swift; sourceTree = "<group>"; };
		4989E8FD1B797D2E0019B03E /* MemeTextFieldDelegate.swift */ = {isa = PBXFileReference; fileEncoding = 4; lastKnownFileType = sourcecode.swift; path = MemeTextFieldDelegate.swift; sourceTree = "<group>"; };
/* End PBXFileReference section */

/* Begin PBXFrameworksBuildPhase section */
		4989E8D51B796A820019B03E /* Frameworks */ = {
			isa = PBXFrameworksBuildPhase;
			buildActionMask = 2147483647;
			files = (
			);
			runOnlyForDeploymentPostprocessing = 0;
		};
		4989E8EA1B796A820019B03E /* Frameworks */ = {
			isa = PBXFrameworksBuildPhase;
			buildActionMask = 2147483647;
			files = (
			);
			runOnlyForDeploymentPostprocessing = 0;
		};
/* End PBXFrameworksBuildPhase section */

/* Begin PBXGroup section */
		4989E8CF1B796A820019B03E = {
			isa = PBXGroup;
			children = (
				4989E8DA1B796A820019B03E /* MemeMe */,
				4989E8F01B796A820019B03E /* MemeMeTests */,
				4989E8D91B796A820019B03E /* Products */,
			);
			sourceTree = "<group>";
		};
		4989E8D91B796A820019B03E /* Products */ = {
			isa = PBXGroup;
			children = (
				4989E8D81B796A820019B03E /* MemeMe.app */,
				4989E8ED1B796A820019B03E /* MemeMeTests.xctest */,
			);
			name = Products;
			sourceTree = "<group>";
		};
		4989E8DA1B796A820019B03E /* MemeMe */ = {
			isa = PBXGroup;
			children = (
				4989E8DD1B796A820019B03E /* AppDelegate.swift */,
				4989E8DF1B796A820019B03E /* PickerViewController.swift */,
				4989E8E11B796A820019B03E /* Main.storyboard */,
				4989E8E41B796A820019B03E /* Images.xcassets */,
				4989E8E61B796A820019B03E /* LaunchScreen.xib */,
				4989E8DB1B796A820019B03E /* Supporting Files */,
				4989E8FD1B797D2E0019B03E /* MemeTextFieldDelegate.swift */,
				4931B8E71B7EAEE000E67DF4 /* MemeModel.swift */,
				4931B8E91B7EC17200E67DF4 /* InMemoryMemeRepository.swift */,
				4931B8EB1B7ED64C00E67DF4 /* PastMemesViewController.swift */,
				494BA1BB1B8010E70020FAE2 /* MemeCollectionViewController.swift */,
				494BA1B71B80037E0020FAE2 /* MemeRepository.swift */,
				494BA1B91B800B400020FAE2 /* PrepopulatedTestRepo.swift */,
				490749171B8555A8005CBA8B /* SentMemesTabViewController.swift */,
				4907491B1B86B190005CBA8B /* MemeView.xib */,
				4907491D1B86B2A9005CBA8B /* MemeView.swift */,
			);
			path = MemeMe;
			sourceTree = "<group>";
		};
		4989E8DB1B796A820019B03E /* Supporting Files */ = {
			isa = PBXGroup;
			children = (
				4989E8DC1B796A820019B03E /* Info.plist */,
			);
			name = "Supporting Files";
			sourceTree = "<group>";
		};
		4989E8F01B796A820019B03E /* MemeMeTests */ = {
			isa = PBXGroup;
			children = (
				4989E8F31B796A820019B03E /* MemeMeTests.swift */,
				4989E8F11B796A820019B03E /* Supporting Files */,
			);
			path = MemeMeTests;
			sourceTree = "<group>";
		};
		4989E8F11B796A820019B03E /* Supporting Files */ = {
			isa = PBXGroup;
			children = (
				4989E8F21B796A820019B03E /* Info.plist */,
			);
			name = "Supporting Files";
			sourceTree = "<group>";
		};
/* End PBXGroup section */

/* Begin PBXNativeTarget section */
		4989E8D71B796A820019B03E /* MemeMe */ = {
			isa = PBXNativeTarget;
			buildConfigurationList = 4989E8F71B796A820019B03E /* Build configuration list for PBXNativeTarget "MemeMe" */;
			buildPhases = (
				4989E8D41B796A820019B03E /* Sources */,
				4989E8D51B796A820019B03E /* Frameworks */,
				4989E8D61B796A820019B03E /* Resources */,
			);
			buildRules = (
			);
			dependencies = (
			);
			name = MemeMe;
			productName = MemeMe;
			productReference = 4989E8D81B796A820019B03E /* MemeMe.app */;
			productType = "com.apple.product-type.application";
		};
		4989E8EC1B796A820019B03E /* MemeMeTests */ = {
			isa = PBXNativeTarget;
			buildConfigurationList = 4989E8FA1B796A820019B03E /* Build configuration list for PBXNativeTarget "MemeMeTests" */;
			buildPhases = (
				4989E8E91B796A820019B03E /* Sources */,
				4989E8EA1B796A820019B03E /* Frameworks */,
				4989E8EB1B796A820019B03E /* Resources */,
			);
			buildRules = (
			);
			dependencies = (
				4989E8EF1B796A820019B03E /* PBXTargetDependency */,
			);
			name = MemeMeTests;
			productName = MemeMeTests;
			productReference = 4989E8ED1B796A820019B03E /* MemeMeTests.xctest */;
			productType = "com.apple.product-type.bundle.unit-test";
		};
/* End PBXNativeTarget section */

/* Begin PBXProject section */
		4989E8D01B796A820019B03E /* Project object */ = {
			isa = PBXProject;
			attributes = {
				LastUpgradeCheck = 0640;
				ORGANIZATIONNAME = "Alex Pendleton";
				TargetAttributes = {
					4989E8D71B796A820019B03E = {
						CreatedOnToolsVersion = 6.4;
					};
					4989E8EC1B796A820019B03E = {
						CreatedOnToolsVersion = 6.4;
						TestTargetID = 4989E8D71B796A820019B03E;
					};
				};
			};
			buildConfigurationList = 4989E8D31B796A820019B03E /* Build configuration list for PBXProject "MemeMe" */;
			compatibilityVersion = "Xcode 3.2";
			developmentRegion = English;
			hasScannedForEncodings = 0;
			knownRegions = (
				en,
				Base,
			);
			mainGroup = 4989E8CF1B796A820019B03E;
			productRefGroup = 4989E8D91B796A820019B03E /* Products */;
			projectDirPath = "";
			projectRoot = "";
			targets = (
				4989E8D71B796A820019B03E /* MemeMe */,
				4989E8EC1B796A820019B03E /* MemeMeTests */,
			);
		};
/* End PBXProject section */

/* Begin PBXResourcesBuildPhase section */
		4989E8D61B796A820019B03E /* Resources */ = {
			isa = PBXResourcesBuildPhase;
			buildActionMask = 2147483647;
			files = (
				4907491C1B86B190005CBA8B /* MemeView.xib in Resources */,
				4989E8E31B796A820019B03E /* Main.storyboard in Resources */,
				4989E8E81B796A820019B03E /* LaunchScreen.xib in Resources */,
				4989E8E51B796A820019B03E /* Images.xcassets in Resources */,
			);
			runOnlyForDeploymentPostprocessing = 0;
		};
		4989E8EB1B796A820019B03E /* Resources */ = {
			isa = PBXResourcesBuildPhase;
			buildActionMask = 2147483647;
			files = (
			);
			runOnlyForDeploymentPostprocessing = 0;
		};
/* End PBXResourcesBuildPhase section */

/* Begin PBXSourcesBuildPhase section */
		4989E8D41B796A820019B03E /* Sources */ = {
			isa = PBXSourcesBuildPhase;
			buildActionMask = 2147483647;
			files = (
				4907491E1B86B2A9005CBA8B /* MemeView.swift in Sources */,
				494BA1BA1B800B400020FAE2 /* PrepopulatedTestRepo.swift in Sources */,
				4931B8EC1B7ED64C00E67DF4 /* PastMemesViewController.swift in Sources */,
				4989E8E01B796A820019B03E /* PickerViewController.swift in Sources */,
				4989E8FE1B797D2E0019B03E /* MemeTextFieldDelegate.swift in Sources */,
				494BA1BC1B8010E70020FAE2 /* MemeCollectionViewController.swift in Sources */,
				494BA1B81B80037E0020FAE2 /* MemeRepository.swift in Sources */,
				4931B8EA1B7EC17200E67DF4 /* InMemoryMemeRepository.swift in Sources */,
				4989E8DE1B796A820019B03E /* AppDelegate.swift in Sources */,
				490749181B8555A8005CBA8B /* SentMemesTabViewController.swift in Sources */,
				4931B8E81B7EAEE000E67DF4 /* MemeModel.swift in Sources */,
			);
			runOnlyForDeploymentPostprocessing = 0;
		};
		4989E8E91B796A820019B03E /* Sources */ = {
			isa = PBXSourcesBuildPhase;
			buildActionMask = 2147483647;
			files = (
				4989E8F41B796A820019B03E /* MemeMeTests.swift in Sources */,
			);
			runOnlyForDeploymentPostprocessing = 0;
		};
/* End PBXSourcesBuildPhase section */

/* Begin PBXTargetDependency section */
		4989E8EF1B796A820019B03E /* PBXTargetDependency */ = {
			isa = PBXTargetDependency;
			target = 4989E8D71B796A820019B03E /* MemeMe */;
			targetProxy = 4989E8EE1B796A820019B03E /* PBXContainerItemProxy */;
		};
/* End PBXTargetDependency section */

/* Begin PBXVariantGroup section */
		4989E8E11B796A820019B03E /* Main.storyboard */ = {
			isa = PBXVariantGroup;
			children = (
				4989E8E21B796A820019B03E /* Base */,
			);
			name = Main.storyboard;
			sourceTree = "<group>";
		};
		4989E8E61B796A820019B03E /* LaunchScreen.xib */ = {
			isa = PBXVariantGroup;
			children = (
				4989E8E71B796A820019B03E /* Base */,
			);
			name = LaunchScreen.xib;
			sourceTree = "<group>";
		};
/* End PBXVariantGroup section */

/* Begin XCBuildConfiguration section */
		4989E8F51B796A820019B03E /* Debug */ = {
			isa = XCBuildConfiguration;
			buildSettings = {
				ALWAYS_SEARCH_USER_PATHS = NO;
				CLANG_CXX_LANGUAGE_STANDARD = "gnu++0x";
				CLANG_CXX_LIBRARY = "libc++";
				CLANG_ENABLE_MODULES = YES;
				CLANG_ENABLE_OBJC_ARC = YES;
				CLANG_WARN_BOOL_CONVERSION = YES;
				CLANG_WARN_CONSTANT_CONVERSION = YES;
				CLANG_WARN_DIRECT_OBJC_ISA_USAGE = YES_ERROR;
				CLANG_WARN_EMPTY_BODY = YES;
				CLANG_WARN_ENUM_CONVERSION = YES;
				CLANG_WARN_INT_CONVERSION = YES;
				CLANG_WARN_OBJC_ROOT_CLASS = YES_ERROR;
				CLANG_WARN_UNREACHABLE_CODE = YES;
				CLANG_WARN__DUPLICATE_METHOD_MATCH = YES;
				"CODE_SIGN_IDENTITY[sdk=iphoneos*]" = "iPhone Developer";
				COPY_PHASE_STRIP = NO;
				DEBUG_INFORMATION_FORMAT = "dwarf-with-dsym";
				ENABLE_STRICT_OBJC_MSGSEND = YES;
				GCC_C_LANGUAGE_STANDARD = gnu99;
				GCC_DYNAMIC_NO_PIC = NO;
				GCC_NO_COMMON_BLOCKS = YES;
				GCC_OPTIMIZATION_LEVEL = 0;
				GCC_PREPROCESSOR_DEFINITIONS = (
					"DEBUG=1",
					"$(inherited)",
				);
				GCC_SYMBOLS_PRIVATE_EXTERN = NO;
				GCC_WARN_64_TO_32_BIT_CONVERSION = YES;
				GCC_WARN_ABOUT_RETURN_TYPE = YES_ERROR;
				GCC_WARN_UNDECLARED_SELECTOR = YES;
				GCC_WARN_UNINITIALIZED_AUTOS = YES_AGGRESSIVE;
				GCC_WARN_UNUSED_FUNCTION = YES;
				GCC_WARN_UNUSED_VARIABLE = YES;
				IPHONEOS_DEPLOYMENT_TARGET = 8.4;
				MTL_ENABLE_DEBUG_INFO = YES;
				ONLY_ACTIVE_ARCH = YES;
				SDKROOT = iphoneos;
				SWIFT_OPTIMIZATION_LEVEL = "-Onone";
				TARGETED_DEVICE_FAMILY = "1,2";
			};
			name = Debug;
		};
		4989E8F61B796A820019B03E /* Release */ = {
			isa = XCBuildConfiguration;
			buildSettings = {
				ALWAYS_SEARCH_USER_PATHS = NO;
				CLANG_CXX_LANGUAGE_STANDARD = "gnu++0x";
				CLANG_CXX_LIBRARY = "libc++";
				CLANG_ENABLE_MODULES = YES;
				CLANG_ENABLE_OBJC_ARC = YES;
				CLANG_WARN_BOOL_CONVERSION = YES;
				CLANG_WARN_CONSTANT_CONVERSION = YES;
				CLANG_WARN_DIRECT_OBJC_ISA_USAGE = YES_ERROR;
				CLANG_WARN_EMPTY_BODY = YES;
				CLANG_WARN_ENUM_CONVERSION = YES;
				CLANG_WARN_INT_CONVERSION = YES;
				CLANG_WARN_OBJC_ROOT_CLASS = YES_ERROR;
				CLANG_WARN_UNREACHABLE_CODE = YES;
				CLANG_WARN__DUPLICATE_METHOD_MATCH = YES;
				"CODE_SIGN_IDENTITY[sdk=iphoneos*]" = "iPhone Developer";
				COPY_PHASE_STRIP = NO;
				DEBUG_INFORMATION_FORMAT = "dwarf-with-dsym";
				ENABLE_NS_ASSERTIONS = NO;
				ENABLE_STRICT_OBJC_MSGSEND = YES;
				GCC_C_LANGUAGE_STANDARD = gnu99;
				GCC_NO_COMMON_BLOCKS = YES;
				GCC_WARN_64_TO_32_BIT_CONVERSION = YES;
				GCC_WARN_ABOUT_RETURN_TYPE = YES_ERROR;
				GCC_WARN_UNDECLARED_SELECTOR = YES;
				GCC_WARN_UNINITIALIZED_AUTOS = YES_AGGRESSIVE;
				GCC_WARN_UNUSED_FUNCTION = YES;
				GCC_WARN_UNUSED_VARIABLE = YES;
				IPHONEOS_DEPLOYMENT_TARGET = 8.4;
				MTL_ENABLE_DEBUG_INFO = NO;
				SDKROOT = iphoneos;
				TARGETED_DEVICE_FAMILY = "1,2";
				VALIDATE_PRODUCT = YES;
			};
			name = Release;
		};
		4989E8F81B796A820019B03E /* Debug */ = {
			isa = XCBuildConfiguration;
			buildSettings = {
				ASSETCATALOG_COMPILER_APPICON_NAME = AppIcon;
				INFOPLIST_FILE = MemeMe/Info.plist;
				LD_RUNPATH_SEARCH_PATHS = "$(inherited) @executable_path/Frameworks";
				PRODUCT_NAME = "$(TARGET_NAME)";
			};
			name = Debug;
		};
		4989E8F91B796A820019B03E /* Release */ = {
			isa = XCBuildConfiguration;
			buildSettings = {
				ASSETCATALOG_COMPILER_APPICON_NAME = AppIcon;
				INFOPLIST_FILE = MemeMe/Info.plist;
				LD_RUNPATH_SEARCH_PATHS = "$(inherited) @executable_path/Frameworks";
				PRODUCT_NAME = "$(TARGET_NAME)";
			};
			name = Release;
		};
		4989E8FB1B796A820019B03E /* Debug */ = {
			isa = XCBuildConfiguration;
			buildSettings = {
				BUNDLE_LOADER = "$(TEST_HOST)";
				FRAMEWORK_SEARCH_PATHS = (
					"$(SDKROOT)/Developer/Library/Frameworks",
					"$(inherited)",
				);
				GCC_PREPROCESSOR_DEFINITIONS = (
					"DEBUG=1",
					"$(inherited)",
				);
				INFOPLIST_FILE = MemeMeTests/Info.plist;
				LD_RUNPATH_SEARCH_PATHS = "$(inherited) @executable_path/Frameworks @loader_path/Frameworks";
				PRODUCT_NAME = "$(TARGET_NAME)";
				TEST_HOST = "$(BUILT_PRODUCTS_DIR)/MemeMe.app/MemeMe";
			};
			name = Debug;
		};
		4989E8FC1B796A820019B03E /* Release */ = {
			isa = XCBuildConfiguration;
			buildSettings = {
				BUNDLE_LOADER = "$(TEST_HOST)";
				FRAMEWORK_SEARCH_PATHS = (
					"$(SDKROOT)/Developer/Library/Frameworks",
					"$(inherited)",
				);
				INFOPLIST_FILE = MemeMeTests/Info.plist;
				LD_RUNPATH_SEARCH_PATHS = "$(inherited) @executable_path/Frameworks @loader_path/Frameworks";
				PRODUCT_NAME = "$(TARGET_NAME)";
				TEST_HOST = "$(BUILT_PRODUCTS_DIR)/MemeMe.app/MemeMe";
			};
			name = Release;
		};
/* End XCBuildConfiguration section */

/* Begin XCConfigurationList section */
		4989E8D31B796A820019B03E /* Build configuration list for PBXProject "MemeMe" */ = {
			isa = XCConfigurationList;
			buildConfigurations = (
				4989E8F51B796A820019B03E /* Debug */,
				4989E8F61B796A820019B03E /* Release */,
			);
			defaultConfigurationIsVisible = 0;
			defaultConfigurationName = Release;
		};
		4989E8F71B796A820019B03E /* Build configuration list for PBXNativeTarget "MemeMe" */ = {
			isa = XCConfigurationList;
			buildConfigurations = (
				4989E8F81B796A820019B03E /* Debug */,
				4989E8F91B796A820019B03E /* Release */,
			);
			defaultConfigurationIsVisible = 0;
			defaultConfigurationName = Release;
		};
		4989E8FA1B796A820019B03E /* Build configuration list for PBXNativeTarget "MemeMeTests" */ = {
			isa = XCConfigurationList;
			buildConfigurations = (
				4989E8FB1B796A820019B03E /* Debug */,
				4989E8FC1B796A820019B03E /* Release */,
			);
			defaultConfigurationIsVisible = 0;
			defaultConfigurationName = Release;
		};
/* End XCConfigurationList section */
	};
	rootObject = 4989E8D01B796A820019B03E /* Project object */;
}
